lockfileVersion: 5.4

specifiers:
  prettier: ^2.7.1
  zenn-cli: ^0.1.139

dependencies:
  zenn-cli: 0.1.140

devDependencies:
  prettier: 2.8.4

packages:

  /prettier/2.8.4:
    resolution: {integrity: sha512-vIS4Rlc2FNh0BySk3Wkd6xmwxB0FpOndW5fisM5H8hsZSxU2VWVB5CWIkIjWvrHjIhxk2g3bfMKM87zNTrZddw==}
    engines: {node: '>=10.13.0'}
    hasBin: true
    dev: true

  /zenn-cli/0.1.140:
    resolution: {integrity: sha512-fcMxd5DHeZeaVkeD1qUoKOgE3gNf1E8+Yh8Kb4hCVIiiwuPR4SOI0uCcno7aeD6LH7OSSymzn0clEdx/QrUhlQ==}
    engines: {node: '>=14.0.0'}
    hasBin: true
    dev: false
