# THIS IS AN AUTOGENERATED FILE. DO NOT EDIT THIS FILE DIRECTLY.
# yarn lockfile v1


prettier-plugin-md-nocjsp@^1.3.0:
  version "1.3.0"
  resolved "https://registry.npmjs.org/prettier-plugin-md-nocjsp/-/prettier-plugin-md-nocjsp-1.3.0.tgz"
  integrity sha512-EAJAEKZ/kuRSZsEDT5Ust8vva2u73fawphRisqIefh4d3aNu4UY2HJZscuRGK073xzQZ83nNQN61fkc67xFTrA==

prettier@^2.7.1:
  version "2.7.1"
  resolved "https://registry.npmjs.org/prettier/-/prettier-2.7.1.tgz"
  integrity sha512-ujppO+MkdPqoVINuDFDRLClm7D78qbDt0/NR+wp5FqEZOoTNAjPHWj17QRhu7geIHJfcNhRk1XVQmF8Bp3ye+g==

zenn-cli@^0.1.137:
  version "0.1.137"
  resolved "https://registry.yarnpkg.com/zenn-cli/-/zenn-cli-0.1.137.tgz#c75df05089353bf10b13066e96d3cc178b757ad4"
  integrity sha512-WE0L9ZKlWZdpr+O8EMnIEaQDNmGe8eg0n71KifVB2n1g9vYVP0hfTKWondT4FYpIJidQ3IDSHW7TyKIOSgi/xA==
